
Microsoft Visual Studio Solution File, Format Version 12.00
# Visual Studio Version 16
VisualStudioVersion = 16.0.30804.86
MinimumVisualStudioVersion = 10.0.40219.1
Project("{FAE04EC0-301F-11D3-BF4B-00C04F79EFBC}") = "SumCalculator", "SumCalculator\SumCalculator.csproj", "{C67D2DCC-201E-41D0-B735-3CB1B5024C68}"
EndProject
Global
	GlobalSection(SolutionConfigurationPlatforms) = preSolution
		Debug|Any CPU = Debug|Any CPU
		Release|Any CPU = Release|Any CPU
	EndGlobalSection
	GlobalSection(ProjectConfigurationPlatforms) = postSolution
		{C67D2DCC-201E-41D0-B735-3CB1B5024C68}.Debug|Any CPU.ActiveCfg = Debug|Any CPU
		{C67D2DCC-201E-41D0-B735-3CB1B5024C68}.Debug|Any CPU.Build.0 = Debug|Any CPU
		{C67D2DCC-201E-41D0-B735-3CB1B5024C68}.Release|Any CPU.ActiveCfg = Release|Any CPU
		{C67D2DCC-201E-41D0-B735-3CB1B5024C68}.Release|Any CPU.Build.0 = Release|Any CPU
	EndGlobalSection
	GlobalSection(SolutionProperties) = preSolution
		HideSolutionNode = FALSE
	EndGlobalSection
	GlobalSection(ExtensibilityGlobals) = postSolution
		SolutionGuid = {A8A98151-89C9-429C-8F03-FB6FFC2F715B}
	EndGlobalSection
EndGlobal
