
Microsoft Visual Studio Solution File, Format Version 12.00
# Visual Studio Version 16
VisualStudioVersion = 16.0.30804.86
MinimumVisualStudioVersion = 10.0.40219.1
Project("{FAE04EC0-301F-11D3-BF4B-00C04F79EFBC}") = "OdeToFood", "OdeToFood\OdeToFood.csproj", "{DC92C245-FEF2-48EC-88E7-02419C1592A0}"
EndProject
Project("{FAE04EC0-301F-11D3-BF4B-00C04F79EFBC}") = "OdeToFood.Core", "OdeToFood.Core\OdeToFood.Core.csproj", "{D806701F-9516-4DE4-9CD0-590F64C6A0FB}"
EndProject
Project("{FAE04EC0-301F-11D3-BF4B-00C04F79EFBC}") = "OdeToFood.Data", "OdeToFood.Data\OdeToFood.Data.csproj", "{150A5681-A886-4DE0-98BC-D8849B3BF094}"
EndProject
Global
	GlobalSection(SolutionConfigurationPlatforms) = preSolution
		Debug|Any CPU = Debug|Any CPU
		Release|Any CPU = Release|Any CPU
	EndGlobalSection
	GlobalSection(ProjectConfigurationPlatforms) = postSolution
		{DC92C245-FEF2-48EC-88E7-02419C1592A0}.Debug|Any CPU.ActiveCfg = Debug|Any CPU
		{DC92C245-FEF2-48EC-88E7-02419C1592A0}.Debug|Any CPU.Build.0 = Debug|Any CPU
		{DC92C245-FEF2-48EC-88E7-02419C1592A0}.Release|Any CPU.ActiveCfg = Release|Any CPU
		{DC92C245-FEF2-48EC-88E7-02419C1592A0}.Release|Any CPU.Build.0 = Release|Any CPU
		{D806701F-9516-4DE4-9CD0-590F64C6A0FB}.Debug|Any CPU.ActiveCfg = Debug|Any CPU
		{D806701F-9516-4DE4-9CD0-590F64C6A0FB}.Debug|Any CPU.Build.0 = Debug|Any CPU
		{D806701F-9516-4DE4-9CD0-590F64C6A0FB}.Release|Any CPU.ActiveCfg = Release|Any CPU
		{D806701F-9516-4DE4-9CD0-590F64C6A0FB}.Release|Any CPU.Build.0 = Release|Any CPU
		{150A5681-A886-4DE0-98BC-D8849B3BF094}.Debug|Any CPU.ActiveCfg = Debug|Any CPU
		{150A5681-A886-4DE0-98BC-D8849B3BF094}.Debug|Any CPU.Build.0 = Debug|Any CPU
		{150A5681-A886-4DE0-98BC-D8849B3BF094}.Release|Any CPU.ActiveCfg = Release|Any CPU
		{150A5681-A886-4DE0-98BC-D8849B3BF094}.Release|Any CPU.Build.0 = Release|Any CPU
	EndGlobalSection
	GlobalSection(SolutionProperties) = preSolution
		HideSolutionNode = FALSE
	EndGlobalSection
	GlobalSection(ExtensibilityGlobals) = postSolution
		SolutionGuid = {512393F2-0030-4222-BD4D-D65A3C213415}
	EndGlobalSection
EndGlobal
