
Microsoft Visual Studio Solution File, Format Version 12.00
# Visual Studio Version 16
VisualStudioVersion = 16.0.30804.86
MinimumVisualStudioVersion = 10.0.40219.1
Project("{FAE04EC0-301F-11D3-BF4B-00C04F79EFBC}") = "TakaCalculator", "TakaCalculator\TakaCalculator.csproj", "{FE692A74-7FA9-4E25-BD79-DA716C88A0CA}"
EndProject
Global
	GlobalSection(SolutionConfigurationPlatforms) = preSolution
		Debug|Any CPU = Debug|Any CPU
		Release|Any CPU = Release|Any CPU
	EndGlobalSection
	GlobalSection(ProjectConfigurationPlatforms) = postSolution
		{FE692A74-7FA9-4E25-BD79-DA716C88A0CA}.Debug|Any CPU.ActiveCfg = Debug|Any CPU
		{FE692A74-7FA9-4E25-BD79-DA716C88A0CA}.Debug|Any CPU.Build.0 = Debug|Any CPU
		{FE692A74-7FA9-4E25-BD79-DA716C88A0CA}.Release|Any CPU.ActiveCfg = Release|Any CPU
		{FE692A74-7FA9-4E25-BD79-DA716C88A0CA}.Release|Any CPU.Build.0 = Release|Any CPU
	EndGlobalSection
	GlobalSection(SolutionProperties) = preSolution
		HideSolutionNode = FALSE
	EndGlobalSection
	GlobalSection(ExtensibilityGlobals) = postSolution
		SolutionGuid = {BA2EE2A3-3D55-4A47-8DFB-66F6F0F77C5D}
	EndGlobalSection
EndGlobal
