
Microsoft Visual Studio Solution File, Format Version 12.00
# Visual Studio Version 16
VisualStudioVersion = 16.0.30804.86
MinimumVisualStudioVersion = 10.0.40219.1
Project("{FAE04EC0-301F-11D3-BF4B-00C04F79EFBC}") = "InvestmentCalculator", "InvestmentCalculator\InvestmentCalculator.csproj", "{AEFD82C3-D815-4B02-AF1B-83C1CA53D9B9}"
EndProject
Global
	GlobalSection(SolutionConfigurationPlatforms) = preSolution
		Debug|Any CPU = Debug|Any CPU
		Release|Any CPU = Release|Any CPU
	EndGlobalSection
	GlobalSection(ProjectConfigurationPlatforms) = postSolution
		{AEFD82C3-D815-4B02-AF1B-83C1CA53D9B9}.Debug|Any CPU.ActiveCfg = Debug|Any CPU
		{AEFD82C3-D815-4B02-AF1B-83C1CA53D9B9}.Debug|Any CPU.Build.0 = Debug|Any CPU
		{AEFD82C3-D815-4B02-AF1B-83C1CA53D9B9}.Release|Any CPU.ActiveCfg = Release|Any CPU
		{AEFD82C3-D815-4B02-AF1B-83C1CA53D9B9}.Release|Any CPU.Build.0 = Release|Any CPU
	EndGlobalSection
	GlobalSection(SolutionProperties) = preSolution
		HideSolutionNode = FALSE
	EndGlobalSection
	GlobalSection(ExtensibilityGlobals) = postSolution
		SolutionGuid = {0A3EF1AC-F9D5-45E8-8A24-CA4C7E488B2F}
	EndGlobalSection
EndGlobal
