
Microsoft Visual Studio Solution File, Format Version 12.00
# Visual Studio Version 16
VisualStudioVersion = 16.0.30804.86
MinimumVisualStudioVersion = 10.0.40219.1
Project("{FAE04EC0-301F-11D3-BF4B-00C04F79EFBC}") = "PassionStore", "PassionStore\PassionStore.csproj", "{154B0359-7FC4-4A2E-A0D8-802F8A6B430B}"
EndProject
Global
	GlobalSection(SolutionConfigurationPlatforms) = preSolution
		Debug|Any CPU = Debug|Any CPU
		Release|Any CPU = Release|Any CPU
	EndGlobalSection
	GlobalSection(ProjectConfigurationPlatforms) = postSolution
		{154B0359-7FC4-4A2E-A0D8-802F8A6B430B}.Debug|Any CPU.ActiveCfg = Debug|Any CPU
		{154B0359-7FC4-4A2E-A0D8-802F8A6B430B}.Debug|Any CPU.Build.0 = Debug|Any CPU
		{154B0359-7FC4-4A2E-A0D8-802F8A6B430B}.Release|Any CPU.ActiveCfg = Release|Any CPU
		{154B0359-7FC4-4A2E-A0D8-802F8A6B430B}.Release|Any CPU.Build.0 = Release|Any CPU
	EndGlobalSection
	GlobalSection(SolutionProperties) = preSolution
		HideSolutionNode = FALSE
	EndGlobalSection
	GlobalSection(ExtensibilityGlobals) = postSolution
		SolutionGuid = {301E236C-1DC5-44D6-936C-7A8E9A660C5B}
	EndGlobalSection
EndGlobal
